
Microsoft Visual Studio Solution File, Format Version 12.00
# Visual Studio Version 17
VisualStudioVersion = 17.7.34018.315
MinimumVisualStudioVersion = 10.0.40219.1
Project("{9A19103F-16F7-4668-BE54-9A1E7A4F7556}") = "NewSysAcadApp", "NewSysAcadApp.csproj", "{E6392258-B095-4A0B-B091-1D2CDFAE21FE}"
EndProject
Project("{9A19103F-16F7-4668-BE54-9A1E7A4F7556}") = "NewSysAcadUtils", "..\NewSysAcadUtils\NewSysAcadUtils.csproj", "{0CA2EE19-0857-4BE2-8677-FF1AE158000D}"
EndProject
Global
	GlobalSection(SolutionConfigurationPlatforms) = preSolution
		Debug|Any CPU = Debug|Any CPU
		Release|Any CPU = Release|Any CPU
	EndGlobalSection
	GlobalSection(ProjectConfigurationPlatforms) = postSolution
		{E6392258-B095-4A0B-B091-1D2CDFAE21FE}.Debug|Any CPU.ActiveCfg = Debug|Any CPU
		{E6392258-B095-4A0B-B091-1D2CDFAE21FE}.Debug|Any CPU.Build.0 = Debug|Any CPU
		{E6392258-B095-4A0B-B091-1D2CDFAE21FE}.Release|Any CPU.ActiveCfg = Release|Any CPU
		{E6392258-B095-4A0B-B091-1D2CDFAE21FE}.Release|Any CPU.Build.0 = Release|Any CPU
		{0CA2EE19-0857-4BE2-8677-FF1AE158000D}.Debug|Any CPU.ActiveCfg = Debug|Any CPU
		{0CA2EE19-0857-4BE2-8677-FF1AE158000D}.Debug|Any CPU.Build.0 = Debug|Any CPU
		{0CA2EE19-0857-4BE2-8677-FF1AE158000D}.Release|Any CPU.ActiveCfg = Release|Any CPU
		{0CA2EE19-0857-4BE2-8677-FF1AE158000D}.Release|Any CPU.Build.0 = Release|Any CPU
	EndGlobalSection
	GlobalSection(SolutionProperties) = preSolution
		HideSolutionNode = FALSE
	EndGlobalSection
	GlobalSection(ExtensibilityGlobals) = postSolution
		SolutionGuid = {1790A4E5-9A4A-497C-AE6D-CF932BD47075}
	EndGlobalSection
EndGlobal
