
Microsoft Visual Studio Solution File, Format Version 12.00
# Visual Studio Version 17
VisualStudioVersion = 17.7.34018.315
MinimumVisualStudioVersion = 10.0.40219.1
Project("{9A19103F-16F7-4668-BE54-9A1E7A4F7556}") = "NewSysAcadApp", "NewSysAcadApp.csproj", "{E6392258-B095-4A0B-B091-1D2CDFAE21FE}"
EndProject
Project("{9A19103F-16F7-4668-BE54-9A1E7A4F7556}") = "NewSysAcadCore", "..\NewSysAcadCore\NewSysAcadCore.csproj", "{4ABB3DC7-11DA-453C-A58F-8E19850405F7}"
EndProject
Project("{FAE04EC0-301F-11D3-BF4B-00C04F79EFBC}") = "SysAcadView", "..\SysAcadView\SysAcadView.csproj", "{50E5DC50-CCF2-4FDE-BB6B-5BBFD768954D}"
EndProject
Global
	GlobalSection(SolutionConfigurationPlatforms) = preSolution
		Debug|Any CPU = Debug|Any CPU
		Release|Any CPU = Release|Any CPU
	EndGlobalSection
	GlobalSection(ProjectConfigurationPlatforms) = postSolution
		{E6392258-B095-4A0B-B091-1D2CDFAE21FE}.Debug|Any CPU.ActiveCfg = Debug|Any CPU
		{E6392258-B095-4A0B-B091-1D2CDFAE21FE}.Debug|Any CPU.Build.0 = Debug|Any CPU
		{E6392258-B095-4A0B-B091-1D2CDFAE21FE}.Release|Any CPU.ActiveCfg = Release|Any CPU
		{E6392258-B095-4A0B-B091-1D2CDFAE21FE}.Release|Any CPU.Build.0 = Release|Any CPU
		{4ABB3DC7-11DA-453C-A58F-8E19850405F7}.Debug|Any CPU.ActiveCfg = Debug|Any CPU
		{4ABB3DC7-11DA-453C-A58F-8E19850405F7}.Debug|Any CPU.Build.0 = Debug|Any CPU
		{4ABB3DC7-11DA-453C-A58F-8E19850405F7}.Release|Any CPU.ActiveCfg = Release|Any CPU
		{4ABB3DC7-11DA-453C-A58F-8E19850405F7}.Release|Any CPU.Build.0 = Release|Any CPU
		{50E5DC50-CCF2-4FDE-BB6B-5BBFD768954D}.Debug|Any CPU.ActiveCfg = Debug|Any CPU
		{50E5DC50-CCF2-4FDE-BB6B-5BBFD768954D}.Debug|Any CPU.Build.0 = Debug|Any CPU
		{50E5DC50-CCF2-4FDE-BB6B-5BBFD768954D}.Release|Any CPU.ActiveCfg = Release|Any CPU
		{50E5DC50-CCF2-4FDE-BB6B-5BBFD768954D}.Release|Any CPU.Build.0 = Release|Any CPU
	EndGlobalSection
	GlobalSection(SolutionProperties) = preSolution
		HideSolutionNode = FALSE
	EndGlobalSection
	GlobalSection(ExtensibilityGlobals) = postSolution
		SolutionGuid = {1790A4E5-9A4A-497C-AE6D-CF932BD47075}
	EndGlobalSection
EndGlobal
